<?xml version="1.0" encoding="utf-8"?>
<Project ToolsVersion="4.0" xmlns="http://schemas.microsoft.com/developer/msbuild/2003">
  <ItemGroup>
    <Filter Include="Source Files">
      <UniqueIdentifier>{4FC737F1-C7A5-4376-A066-2A32D752A2FF}</UniqueIdentifier>
      <Extensions>cpp;c;cc;cxx;c++;cppm;ixx;def;odl;idl;hpj;bat;asm;asmx</Extensions>
    </Filter>
    <Filter Include="Header Files">
      <UniqueIdentifier>{93995380-89BD-4b04-88EB-625FBE52EBFB}</UniqueIdentifier>
      <Extensions>h;hh;hpp;hxx;h++;hm;inl;inc;ipp;xsd</Extensions>
    </Filter>
    <Filter Include="Resource Files">
      <UniqueIdentifier>{67DA6AB6-F800-4c08-8B7A-83BB121AAD01}</UniqueIdentifier>
      <Extensions>rc;ico;cur;bmp;dlg;rc2;rct;bin;rgs;gif;jpg;jpeg;jpe;resx;tiff;tif;png;wav;mfcribbon-ms</Extensions>
    </Filter>
  </ItemGroup>
  <ItemGroup>
    <ClCompile Include="Il9_Generichandlers.cxx">
      <Filter>Source Files</Filter>
    </ClCompile>
    <ClCompile Include="Il9_ValidateTargetWithChildRev.cxx">
      <Filter>Source Files</Filter>
    </ClCompile>
    <ClCompile Include="Il9_CheckObjectProperties.cxx">
      <Filter>Source Files</Filter>
    </ClCompile>
    <ClCompile Include="Il9_SignoffComments.cxx">
      <Filter>Source Files</Filter>
    </ClCompile>
    <ClCompile Include="Il9__Get_Participant.cxx">
      <Filter>Source Files</Filter>
    </ClCompile>
    <ClCompile Include="Il9_ValidateTargetAttachment.cxx">
      <Filter>Source Files</Filter>
    </ClCompile>
    <ClCompile Include="Il9_Validate_max_length.cxx">
      <Filter>Source Files</Filter>
    </ClCompile>
    <ClCompile Include="Il9_Validate_NoDuplicateApprover.cpp">
      <Filter>Source Files</Filter>
    </ClCompile>
    <ClCompile Include="Il9_CheckMandatoryParticipantsAttached.cxx">
      <Filter>Source Files</Filter>
    </ClCompile>
    <ClCompile Include="Il9_Validate_Classified_TargetObject.cxx">
      <Filter>Source Files</Filter>
    </ClCompile>
    <ClCompile Include="Il9_ValidateAssemblyStatus.cxx">
      <Filter>Source Files</Filter>
    </ClCompile>
    <ClCompile Include="Il9_ValidateTranslatedObject.cxx">
      <Filter>Source Files</Filter>
    </ClCompile>
    <ClCompile Include="Il9_ValidateTargetProjects.cxx">
      <Filter>Source Files</Filter>
    </ClCompile>
    <ClCompile Include="Il9_ Validate_datasettype_With_NamedRereference.cxx">
      <Filter>Source Files</Filter>
    </ClCompile>
  </ItemGroup>
  <ItemGroup>
    <ClInclude Include="Il9_Generichandlers.hxx">
      <Filter>Header Files</Filter>
    </ClInclude>
    <ClInclude Include="Il9_ValidateTargetWithChildRev.hxx">
      <Filter>Header Files</Filter>
    </ClInclude>
    <ClInclude Include="Il9_CheckObjectProperties.hxx">
      <Filter>Header Files</Filter>
    </ClInclude>
    <ClInclude Include="Il9_SignoffComments.hxx">
      <Filter>Header Files</Filter>
    </ClInclude>
    <ClInclude Include="Il9__Get_Participant.hxx">
      <Filter>Header Files</Filter>
    </ClInclude>
    <ClInclude Include="Il9_ValidateTargetAttachment.hxx">
      <Filter>Header Files</Filter>
    </ClInclude>
    <ClInclude Include="Il9_Validate_max_length.hxx">
      <Filter>Header Files</Filter>
    </ClInclude>
    <ClInclude Include="Il9_Validate_NoDuplicateApprover.hxx">
      <Filter>Header Files</Filter>
    </ClInclude>
    <ClInclude Include="Il9_CheckMandatoryParticipantsAttached.hxx">
      <Filter>Header Files</Filter>
    </ClInclude>
    <ClInclude Include="Il9_Validate_Classified_TargetObject.hxx">
      <Filter>Header Files</Filter>
    </ClInclude>
    <ClInclude Include="Il9_ValidateAssemblyStatus.hxx">
      <Filter>Header Files</Filter>
    </ClInclude>
    <ClInclude Include="Il9_ValidateTranslatedObject.hxx">
      <Filter>Header Files</Filter>
    </ClInclude>
    <ClInclude Include="Il9_ValidateTargetProjects.hxx">
      <Filter>Header Files</Filter>
    </ClInclude>
    <ClInclude Include="Il9_ Validate_datasettype_With_NamedRereference.hxx">
      <Filter>Header Files</Filter>
    </ClInclude>
  </ItemGroup>
</Project>